{
  "version": 4,
  "terraform_version": "0.12.20",
  "serial": 3,
  "lineage": "9747d21c-3f4b-36f2-3907-935ff191f588",
  "outputs": {},
  "resources": [
    {
      "mode": "managed",
      "type": "google_container_cluster",
      "name": "cluster-mlops",
      "provider": "provider.google",
      "instances": [
        {
          "schema_version": 1,
          "attributes": {
            "addons_config": [
              {
                "cloudrun_config": [],
                "horizontal_pod_autoscaling": [],
                "http_load_balancing": [],
                "network_policy_config": [
                  {
                    "disabled": true
                  }
                ]
              }
            ],
            "authenticator_groups_config": [],
            "cluster_autoscaling": [
              {
                "auto_provisioning_defaults": [],
                "enabled": false,
                "resource_limits": []
              }
            ],
            "cluster_ipv4_cidr": "10.76.0.0/14",
            "database_encryption": [
              {
                "key_name": "",
                "state": "DECRYPTED"
              }
            ],
            "datapath_provider": "",
            "default_max_pods_per_node": null,
            "default_snat_status": [
              {
                "disabled": false
              }
            ],
            "description": "",
            "enable_autopilot": false,
            "enable_binary_authorization": false,
            "enable_intranode_visibility": false,
            "enable_kubernetes_alpha": false,
            "enable_legacy_abac": false,
            "enable_shielded_nodes": true,
            "enable_tpu": false,
            "endpoint": "35.237.65.236",
            "id": "projects/mlops-312413/locations/us-east1/clusters/cluster-mlops",
            "initial_node_count": 1,
            "instance_group_urls": [],
            "ip_allocation_policy": [],
            "label_fingerprint": "a9dc16a7",
            "location": "us-east1",
            "logging_service": "logging.googleapis.com/kubernetes",
            "maintenance_policy": [],
            "master_auth": [
              {
                "client_certificate": "",
                "client_certificate_config": [
                  {
                    "issue_client_certificate": false
                  }
                ],
                "client_key": "",
                "cluster_ca_certificate": "LS0tLS1CRUdJTiBDRVJUSUZJQ0FURS0tLS0tCk1JSURLakNDQWhLZ0F3SUJBZ0lRWmMvS3dWN0dvU3RnWERKcjd4Rmp4VEFOQmdrcWhraUc5dzBCQVFzRkFEQXYKTVMwd0t3WURWUVFERXlRMk5qVm1PVEU0TkMxaU16VmhMVFJrWkRNdE9XWTRZUzFtWldZM1l6VXlNbU00TlRRdwpIaGNOTWpFd05UQXhNVE0xT1RFMFdoY05Nall3TkRNd01UUTFPVEUwV2pBdk1TMHdLd1lEVlFRREV5UTJOalZtCk9URTROQzFpTXpWaExUUmtaRE10T1dZNFlTMW1aV1kzWXpVeU1tTTROVFF3Z2dFaU1BMEdDU3FHU0liM0RRRUIKQVFVQUE0SUJEd0F3Z2dFS0FvSUJBUURGMEVBV3JhWTJYN2JTQjhZYk1KTUE1ZGIxVHVOdGJoU3VzVEFPT1pNWgpKQTNHQjFQV3p2aFdyS1M4TGI3OGdTYjdCRFZIdG01Z0h5NFNNR010Y3JUSzNsR0xYWjVBZjRkcHVpd3V3eTBFCmVCdWlxTG5WOEZqL1JYWHRKdzlUT3RMNHRhcmNjRkt3UUlPamJnbmRBR2tDcnN6alZTdkxieDhmakZmcTdKVDQKenBUak03NGxPS0F3SUx6NFIrMEx0dkx2aHVNemRYNHcrZ3JnUVUyM09LMDFET2E3VGZNUCtxZjUrUndLMUhHUQpkUzFmTCswcmtoZ3dTUEs1S3ZWc2hsOW12bis2eWoyYnZKT0g5Zk4wLzA0TldLSnB5eVJmdGNxaS85aXM5MkExClBZc2V2QzVUMzhRaVJPV1h0cTVlQnBuV2ZrdU1UUDNGVTVGTkx5cWZ4bWhGQWdNQkFBR2pRakJBTUE0R0ExVWQKRHdFQi93UUVBd0lDQkRBUEJnTlZIUk1CQWY4RUJUQURBUUgvTUIwR0ExVWREZ1FXQkJRN1dNMlFOcGlmb0hQaApjUzlHbG9kWm1YTHEvREFOQmdrcWhraUc5dzBCQVFzRkFBT0NBUUVBa2puKzMxS2FqUVFIQzFPa3RJb3NKUUlICmZBYUdLbnI4d0JCdGtadGh6V1Y4SmpzSWRwL1ZjZ2VCS2FaL2c0elVIZ0RDb0FSOC90eHlKWFAzSndaQ2w1cHgKelRXcHIwdi8ySm5FdDE2MVJCaWF3b0hya3NSdjdzYTlPeHhGL2RDRi9BV29OVklCcTdTUXczaHNZRmJQSFNmQQp2OTVBYnRVbkFRblpua0NtRDY1MnlVRXZQblRhTnp4bTZCMnVDM1ZpWVB5eGFGVFhqUFYwOC9jRzl2c01qV01BCmxyUjJ1ejB4SkIydkxHczRnb1loMHF6TGx0MVN2ZW9EWGRQQi9NMlFBMGNvTkdic0RQQkt4TDBrVGVzUDBaUTgKbytBbkliazFQZWh2MUhPdm90ZXBMbE9nQis2UU5ua21vTTFlRVVUdjBONGNXUXprb1JudFY2QlNGUnE4Ync9PQotLS0tLUVORCBDRVJUSUZJQ0FURS0tLS0tCg==",
                "password": "",
                "username": ""
              }
            ],
            "master_authorized_networks_config": [],
            "master_version": "1.18.16-gke.2100",
            "min_master_version": null,
            "monitoring_service": "monitoring.googleapis.com/kubernetes",
            "name": "cluster-mlops",
            "network": "projects/mlops-312413/global/networks/default",
            "network_policy": [
              {
                "enabled": false,
                "provider": "PROVIDER_UNSPECIFIED"
              }
            ],
            "networking_mode": "ROUTES",
            "node_config": [],
            "node_locations": [
              "us-east1-b",
              "us-east1-c",
              "us-east1-d"
            ],
            "node_pool": [],
            "node_version": "1.18.16-gke.2100",
            "operation": null,
            "pod_security_policy_config": [],
            "private_cluster_config": [],
            "private_ipv6_google_access": "",
            "project": "mlops-312413",
            "release_channel": [
              {
                "channel": "REGULAR"
              }
            ],
            "remove_default_node_pool": true,
            "resource_labels": null,
            "resource_usage_export_config": [],
            "self_link": "https://container.googleapis.com/v1beta1/projects/mlops-312413/locations/us-east1/clusters/cluster-mlops",
            "services_ipv4_cidr": "10.79.240.0/20",
            "subnetwork": "projects/mlops-312413/regions/us-east1/subnetworks/default",
            "timeouts": null,
            "tpu_ipv4_cidr_block": "",
            "vertical_pod_autoscaling": [],
            "workload_identity_config": []
          },
          "private": "eyJlMmJmYjczMC1lY2FhLTExZTYtOGY4OC0zNDM2M2JjN2M0YzAiOnsiY3JlYXRlIjoyNDAwMDAwMDAwMDAwLCJkZWxldGUiOjI0MDAwMDAwMDAwMDAsInJlYWQiOjI0MDAwMDAwMDAwMDAsInVwZGF0ZSI6MzYwMDAwMDAwMDAwMH0sInNjaGVtYV92ZXJzaW9uIjoiMSJ9"
        }
      ]
    },
    {
      "mode": "managed",
      "type": "google_container_node_pool",
      "name": "cluster-mlops-node-pool",
      "provider": "provider.google",
      "instances": [
        {
          "schema_version": 1,
          "attributes": {
            "autoscaling": [],
            "cluster": "cluster-mlops",
            "id": "projects/mlops-312413/locations/us-east1/clusters/cluster-mlops/nodePools/node-pool-mlops",
            "initial_node_count": 2,
            "instance_group_urls": [
              "https://www.googleapis.com/compute/v1/projects/mlops-312413/zones/us-east1-c/instanceGroupManagers/gke-cluster-mlops-node-pool-mlops-cd1f3a28-grp",
              "https://www.googleapis.com/compute/v1/projects/mlops-312413/zones/us-east1-b/instanceGroupManagers/gke-cluster-mlops-node-pool-mlops-4667faac-grp",
              "https://www.googleapis.com/compute/v1/projects/mlops-312413/zones/us-east1-d/instanceGroupManagers/gke-cluster-mlops-node-pool-mlops-830bafc1-grp"
            ],
            "location": "us-east1",
            "management": [
              {
                "auto_repair": true,
                "auto_upgrade": true
              }
            ],
            "max_pods_per_node": null,
            "name": "node-pool-mlops",
            "name_prefix": "",
            "node_config": [
              {
                "disk_size_gb": 75,
                "disk_type": "pd-ssd",
                "guest_accelerator": [],
                "image_type": "COS",
                "labels": {},
                "local_ssd_count": 0,
                "machine_type": "n1-standard-2",
                "metadata": {
                  "disable-legacy-endpoints": "true"
                },
                "min_cpu_platform": "",
                "oauth_scopes": [
                  "https://www.googleapis.com/auth/cloud-platform",
                  "https://www.googleapis.com/auth/logging.write",
                  "https://www.googleapis.com/auth/monitoring"
                ],
                "preemptible": false,
                "service_account": "default",
                "shielded_instance_config": [
                  {
                    "enable_integrity_monitoring": true,
                    "enable_secure_boot": false
                  }
                ],
                "tags": null,
                "taint": [],
                "workload_metadata_config": []
              }
            ],
            "node_count": 2,
            "node_locations": [
              "us-east1-b",
              "us-east1-c",
              "us-east1-d"
            ],
            "operation": null,
            "project": "mlops-312413",
            "timeouts": null,
            "upgrade_settings": [
              {
                "max_surge": 1,
                "max_unavailable": 0
              }
            ],
            "version": "1.18.16-gke.2100"
          },
          "private": "eyJlMmJmYjczMC1lY2FhLTExZTYtOGY4OC0zNDM2M2JjN2M0YzAiOnsiY3JlYXRlIjoxODAwMDAwMDAwMDAwLCJkZWxldGUiOjE4MDAwMDAwMDAwMDAsInVwZGF0ZSI6MTgwMDAwMDAwMDAwMH0sInNjaGVtYV92ZXJzaW9uIjoiMSJ9",
          "dependencies": [
            "google_container_cluster.cluster-mlops"
          ]
        }
      ]
    }
  ]
}
